// !$*UTF8*$!
{
	archiveVersion = 1;
	classes = {
	};
	objectVersion = 51;
	objects = {

/* Begin PBXBuildFile section */
		0D51402926A5995200CEE1DD /* Launch Screen.storyboard in Resources */ = {isa = PBXBuildFile; fileRef = 0D51402826A5995200CEE1DD /* Launch Screen.storyboard */; };
		0D51402F26A5A88600CEE1DD /* LoginVC.swift in Sources */ = {isa = PBXBuildFile; fileRef = 0D51402E26A5A88600CEE1DD /* LoginVC.swift */; };
		0D51403226A5D23000CEE1DD /* LocalModelsVC.swift in Sources */ = {isa = PBXBuildFile; fileRef = 0D51403126A5D23000CEE1DD /* LocalModelsVC.swift */; };
		0D51403726A6E51500CEE1DD /* APIConfiguration.swift in Sources */ = {isa = PBXBuildFile; fileRef = 0D51403626A6E51500CEE1DD /* APIConfiguration.swift */; };
		0D712D8D269F8E490031D2E3 /* yolo_model.swift in Sources */ = {isa = PBXBuildFile; fileRef = 0D712D8C269F8E490031D2E3 /* yolo_model.swift */; };
		0D7ECD2626BC1A46004D40DD /* ExperimentRunTableViewCell.swift in Sources */ = {isa = PBXBuildFile; fileRef = 0D7ECD2526BC1A46004D40DD /* ExperimentRunTableViewCell.swift */; };
		0D7ECD2826BC2045004D40DD /* ActivityIndicatorOverlay.swift in Sources */ = {isa = PBXBuildFile; fileRef = 0D7ECD2726BC2045004D40DD /* ActivityIndicatorOverlay.swift */; };
		0D7ECD2A26BC2EF3004D40DD /* LocalModelTableViewCell.swift in Sources */ = {isa = PBXBuildFile; fileRef = 0D7ECD2926BC2EF3004D40DD /* LocalModelTableViewCell.swift */; };
		0D7ECD2D26BC2FF8004D40DD /* LocalViewModel.swift in Sources */ = {isa = PBXBuildFile; fileRef = 0D7ECD2C26BC2FF8004D40DD /* LocalViewModel.swift */; };
		0DB4AA8C26B07252001F5CD3 /* APIManager.swift in Sources */ = {isa = PBXBuildFile; fileRef = 0DB4AA8B26B07252001F5CD3 /* APIManager.swift */; };
		0DB4AA8E26B072C5001F5CD3 /* KeyChainManager.swift in Sources */ = {isa = PBXBuildFile; fileRef = 0DB4AA8D26B072C5001F5CD3 /* KeyChainManager.swift */; };
		0DB4AA9026B07472001F5CD3 /* NetworkRequestInterceptor.swift in Sources */ = {isa = PBXBuildFile; fileRef = 0DB4AA8F26B07472001F5CD3 /* NetworkRequestInterceptor.swift */; };
		0DB4AA9226B074E4001F5CD3 /* CustomError.swift in Sources */ = {isa = PBXBuildFile; fileRef = 0DB4AA9126B074E4001F5CD3 /* CustomError.swift */; };
		0DB4AA9726B1B8AC001F5CD3 /* ProjectsVC.swift in Sources */ = {isa = PBXBuildFile; fileRef = 0DB4AA9626B1B8AC001F5CD3 /* ProjectsVC.swift */; };
		0DB4AA9A26B1BC37001F5CD3 /* Project.swift in Sources */ = {isa = PBXBuildFile; fileRef = 0DB4AA9926B1BC37001F5CD3 /* Project.swift */; };
		0DB4AAA026B1EFA5001F5CD3 /* NetworkLogger.swift in Sources */ = {isa = PBXBuildFile; fileRef = 0DB4AA9F26B1EFA5001F5CD3 /* NetworkLogger.swift */; };
		0DB4AAA226B20331001F5CD3 /* AccessToken.swift in Sources */ = {isa = PBXBuildFile; fileRef = 0DB4AAA126B20331001F5CD3 /* AccessToken.swift */; };
		0DB4AAA526B29B87001F5CD3 /* ScenesVC.swift in Sources */ = {isa = PBXBuildFile; fileRef = 0DB4AAA426B29B87001F5CD3 /* ScenesVC.swift */; };
		0DB4AAA726B29CB4001F5CD3 /* Scene.swift in Sources */ = {isa = PBXBuildFile; fileRef = 0DB4AAA626B29CB4001F5CD3 /* Scene.swift */; };
		0DB4AAA926B29D8F001F5CD3 /* ScenesViewModel.swift in Sources */ = {isa = PBXBuildFile; fileRef = 0DB4AAA826B29D8F001F5CD3 /* ScenesViewModel.swift */; };
		0DB4AAB026B2BAA6001F5CD3 /* ProjectsViewModel.swift in Sources */ = {isa = PBXBuildFile; fileRef = 0DB4AAAF26B2BAA6001F5CD3 /* ProjectsViewModel.swift */; };
		0DB4AAB326B2BF77001F5CD3 /* ExperimentsVC.swift in Sources */ = {isa = PBXBuildFile; fileRef = 0DB4AAB226B2BF77001F5CD3 /* ExperimentsVC.swift */; };
		0DB4AAB626B2BF9B001F5CD3 /* ExperimentsViewModel.swift in Sources */ = {isa = PBXBuildFile; fileRef = 0DB4AAB526B2BF9B001F5CD3 /* ExperimentsViewModel.swift */; };
		0DB4AAB826B2C0E0001F5CD3 /* Experiment.swift in Sources */ = {isa = PBXBuildFile; fileRef = 0DB4AAB726B2C0E0001F5CD3 /* Experiment.swift */; };
		0DB4AAC026B2C63C001F5CD3 /* ExperimentRun.swift in Sources */ = {isa = PBXBuildFile; fileRef = 0DB4AABF26B2C63C001F5CD3 /* ExperimentRun.swift */; };
		0DB4AAC626B2C7B6001F5CD3 /* ExperimentRunVC.swift in Sources */ = {isa = PBXBuildFile; fileRef = 0DB4AAC526B2C7B6001F5CD3 /* ExperimentRunVC.swift */; };
		0DB4AAC826B2C7EB001F5CD3 /* ExperimentRunViewModel.swift in Sources */ = {isa = PBXBuildFile; fileRef = 0DB4AAC726B2C7EB001F5CD3 /* ExperimentRunViewModel.swift */; };
		0DE25C3F26BD2666001B1620 /* AltoActivityIndicatorView.swift in Sources */ = {isa = PBXBuildFile; fileRef = 0DE25C3E26BD2666001B1620 /* AltoActivityIndicatorView.swift */; };
		0DE4F1DA26B2F565007053DB /* ModelOperationsHelper.swift in Sources */ = {isa = PBXBuildFile; fileRef = 0DE4F1D926B2F565007053DB /* ModelOperationsHelper.swift */; };
		0DE4F1DD26B43146007053DB /* MainTabBarVC.swift in Sources */ = {isa = PBXBuildFile; fileRef = 0DE4F1DC26B43146007053DB /* MainTabBarVC.swift */; };
		0DE4F1DF26B7F0D3007053DB /* UITableView+Empty.swift in Sources */ = {isa = PBXBuildFile; fileRef = 0DE4F1DE26B7F0D3007053DB /* UITableView+Empty.swift */; };
		0DE4F1E126B7F3C9007053DB /* Colors.swift in Sources */ = {isa = PBXBuildFile; fileRef = 0DE4F1E026B7F3C9007053DB /* Colors.swift */; };
		0DE4F1E326B7F3E2007053DB /* Fonts.swift in Sources */ = {isa = PBXBuildFile; fileRef = 0DE4F1E226B7F3E2007053DB /* Fonts.swift */; };
		0DE4F1E526B7F43E007053DB /* AppStyle.swift in Sources */ = {isa = PBXBuildFile; fileRef = 0DE4F1E426B7F43E007053DB /* AppStyle.swift */; };
		0DE4F1EA26B7FBAA007053DB /* TableViewHeader.swift in Sources */ = {isa = PBXBuildFile; fileRef = 0DE4F1E926B7FBAA007053DB /* TableViewHeader.swift */; };
		0DFA24DB26A6E6770014CD6E /* Constants.swift in Sources */ = {isa = PBXBuildFile; fileRef = 0DFA24DA26A6E6770014CD6E /* Constants.swift */; };
		0DFA24DD26A6E69F0014CD6E /* APIRouter.swift in Sources */ = {isa = PBXBuildFile; fileRef = 0DFA24DC26A6E69F0014CD6E /* APIRouter.swift */; };
		1007AEDB05DE2E0D1B2679CC /* Pods_ALTOAI_Detect.framework in Frameworks */ = {isa = PBXBuildFile; fileRef = 7165750EEFD0D4FBC986A65C /* Pods_ALTOAI_Detect.framework */; };
		89BBF9BD268E9AE400FA46B6 /* Assets.xcassets in Resources */ = {isa = PBXBuildFile; fileRef = 89BBF9BC268E9AE400FA46B6 /* Assets.xcassets */; };
		89BBF9D3268E9B6100FA46B6 /* UIImage+CVPixelBuffer.swift in Sources */ = {isa = PBXBuildFile; fileRef = 89BBF9C8268E9B6100FA46B6 /* UIImage+CVPixelBuffer.swift */; };
		89BBF9D4268E9B6100FA46B6 /* AppDelegate.swift in Sources */ = {isa = PBXBuildFile; fileRef = 89BBF9C9268E9B6100FA46B6 /* AppDelegate.swift */; };
		89BBF9D5268E9B6100FA46B6 /* BoundingBox.swift in Sources */ = {isa = PBXBuildFile; fileRef = 89BBF9CA268E9B6100FA46B6 /* BoundingBox.swift */; };
		89BBF9D7268E9B6100FA46B6 /* YOLO.swift in Sources */ = {isa = PBXBuildFile; fileRef = 89BBF9CC268E9B6100FA46B6 /* YOLO.swift */; };
		89BBF9D8268E9B6100FA46B6 /* CVPixelBuffer+Helpers.swift in Sources */ = {isa = PBXBuildFile; fileRef = 89BBF9CD268E9B6100FA46B6 /* CVPixelBuffer+Helpers.swift */; };
		89BBF9D9268E9B6100FA46B6 /* Helpers.swift in Sources */ = {isa = PBXBuildFile; fileRef = 89BBF9CE268E9B6100FA46B6 /* Helpers.swift */; };
		89BBF9DA268E9B6100FA46B6 /* VideoCapture.swift in Sources */ = {isa = PBXBuildFile; fileRef = 89BBF9CF268E9B6100FA46B6 /* VideoCapture.swift */; };
		89BBF9DB268E9B6100FA46B6 /* CameraVC.swift in Sources */ = {isa = PBXBuildFile; fileRef = 89BBF9D0268E9B6100FA46B6 /* CameraVC.swift */; };
		89BBF9EC268E9F6200FA46B6 /* Main.storyboard in Resources */ = {isa = PBXBuildFile; fileRef = 89BBF9EB268E9F6200FA46B6 /* Main.storyboard */; };
/* End PBXBuildFile section */

/* Begin PBXFileReference section */
		0D51402826A5995200CEE1DD /* Launch Screen.storyboard */ = {isa = PBXFileReference; lastKnownFileType = file.storyboard; path = "Launch Screen.storyboard"; sourceTree = "<group>"; };
		0D51402E26A5A88600CEE1DD /* LoginVC.swift */ = {isa = PBXFileReference; lastKnownFileType = sourcecode.swift; path = LoginVC.swift; sourceTree = "<group>"; };
		0D51403126A5D23000CEE1DD /* LocalModelsVC.swift */ = {isa = PBXFileReference; lastKnownFileType = sourcecode.swift; path = LocalModelsVC.swift; sourceTree = "<group>"; };
		0D51403626A6E51500CEE1DD /* APIConfiguration.swift */ = {isa = PBXFileReference; lastKnownFileType = sourcecode.swift; path = APIConfiguration.swift; sourceTree = "<group>"; };
		0D712D8C269F8E490031D2E3 /* yolo_model.swift */ = {isa = PBXFileReference; lastKnownFileType = sourcecode.swift; path = yolo_model.swift; sourceTree = "<group>"; };
		0D7ECD2526BC1A46004D40DD /* ExperimentRunTableViewCell.swift */ = {isa = PBXFileReference; lastKnownFileType = sourcecode.swift; path = ExperimentRunTableViewCell.swift; sourceTree = "<group>"; };
		0D7ECD2726BC2045004D40DD /* ActivityIndicatorOverlay.swift */ = {isa = PBXFileReference; lastKnownFileType = sourcecode.swift; path = ActivityIndicatorOverlay.swift; sourceTree = "<group>"; };
		0D7ECD2926BC2EF3004D40DD /* LocalModelTableViewCell.swift */ = {isa = PBXFileReference; lastKnownFileType = sourcecode.swift; path = LocalModelTableViewCell.swift; sourceTree = "<group>"; };
		0D7ECD2C26BC2FF8004D40DD /* LocalViewModel.swift */ = {isa = PBXFileReference; lastKnownFileType = sourcecode.swift; path = LocalViewModel.swift; sourceTree = "<group>"; };
		0DB4AA8B26B07252001F5CD3 /* APIManager.swift */ = {isa = PBXFileReference; lastKnownFileType = sourcecode.swift; path = APIManager.swift; sourceTree = "<group>"; };
		0DB4AA8D26B072C5001F5CD3 /* KeyChainManager.swift */ = {isa = PBXFileReference; lastKnownFileType = sourcecode.swift; path = KeyChainManager.swift; sourceTree = "<group>"; };
		0DB4AA8F26B07472001F5CD3 /* NetworkRequestInterceptor.swift */ = {isa = PBXFileReference; lastKnownFileType = sourcecode.swift; path = NetworkRequestInterceptor.swift; sourceTree = "<group>"; };
		0DB4AA9126B074E4001F5CD3 /* CustomError.swift */ = {isa = PBXFileReference; lastKnownFileType = sourcecode.swift; path = CustomError.swift; sourceTree = "<group>"; };
		0DB4AA9626B1B8AC001F5CD3 /* ProjectsVC.swift */ = {isa = PBXFileReference; lastKnownFileType = sourcecode.swift; path = ProjectsVC.swift; sourceTree = "<group>"; };
		0DB4AA9926B1BC37001F5CD3 /* Project.swift */ = {isa = PBXFileReference; lastKnownFileType = sourcecode.swift; path = Project.swift; sourceTree = "<group>"; };
		0DB4AA9F26B1EFA5001F5CD3 /* NetworkLogger.swift */ = {isa = PBXFileReference; lastKnownFileType = sourcecode.swift; path = NetworkLogger.swift; sourceTree = "<group>"; };
		0DB4AAA126B20331001F5CD3 /* AccessToken.swift */ = {isa = PBXFileReference; lastKnownFileType = sourcecode.swift; path = AccessToken.swift; sourceTree = "<group>"; };
		0DB4AAA426B29B87001F5CD3 /* ScenesVC.swift */ = {isa = PBXFileReference; lastKnownFileType = sourcecode.swift; path = ScenesVC.swift; sourceTree = "<group>"; };
		0DB4AAA626B29CB4001F5CD3 /* Scene.swift */ = {isa = PBXFileReference; lastKnownFileType = sourcecode.swift; path = Scene.swift; sourceTree = "<group>"; };
		0DB4AAA826B29D8F001F5CD3 /* ScenesViewModel.swift */ = {isa = PBXFileReference; lastKnownFileType = sourcecode.swift; path = ScenesViewModel.swift; sourceTree = "<group>"; };
		0DB4AAAF26B2BAA6001F5CD3 /* ProjectsViewModel.swift */ = {isa = PBXFileReference; lastKnownFileType = sourcecode.swift; path = ProjectsViewModel.swift; sourceTree = "<group>"; };
		0DB4AAB226B2BF77001F5CD3 /* ExperimentsVC.swift */ = {isa = PBXFileReference; lastKnownFileType = sourcecode.swift; path = ExperimentsVC.swift; sourceTree = "<group>"; };
		0DB4AAB526B2BF9B001F5CD3 /* ExperimentsViewModel.swift */ = {isa = PBXFileReference; lastKnownFileType = sourcecode.swift; path = ExperimentsViewModel.swift; sourceTree = "<group>"; };
		0DB4AAB726B2C0E0001F5CD3 /* Experiment.swift */ = {isa = PBXFileReference; lastKnownFileType = sourcecode.swift; path = Experiment.swift; sourceTree = "<group>"; };
		0DB4AABF26B2C63C001F5CD3 /* ExperimentRun.swift */ = {isa = PBXFileReference; lastKnownFileType = sourcecode.swift; path = ExperimentRun.swift; sourceTree = "<group>"; };
		0DB4AAC526B2C7B6001F5CD3 /* ExperimentRunVC.swift */ = {isa = PBXFileReference; lastKnownFileType = sourcecode.swift; path = ExperimentRunVC.swift; sourceTree = "<group>"; };
		0DB4AAC726B2C7EB001F5CD3 /* ExperimentRunViewModel.swift */ = {isa = PBXFileReference; lastKnownFileType = sourcecode.swift; path = ExperimentRunViewModel.swift; sourceTree = "<group>"; };
		0DE25C3E26BD2666001B1620 /* AltoActivityIndicatorView.swift */ = {isa = PBXFileReference; lastKnownFileType = sourcecode.swift; path = AltoActivityIndicatorView.swift; sourceTree = "<group>"; };
		0DE4F1D926B2F565007053DB /* ModelOperationsHelper.swift */ = {isa = PBXFileReference; lastKnownFileType = sourcecode.swift; path = ModelOperationsHelper.swift; sourceTree = "<group>"; };
		0DE4F1DC26B43146007053DB /* MainTabBarVC.swift */ = {isa = PBXFileReference; lastKnownFileType = sourcecode.swift; path = MainTabBarVC.swift; sourceTree = "<group>"; };
		0DE4F1DE26B7F0D3007053DB /* UITableView+Empty.swift */ = {isa = PBXFileReference; lastKnownFileType = sourcecode.swift; path = "UITableView+Empty.swift"; sourceTree = "<group>"; };
		0DE4F1E026B7F3C9007053DB /* Colors.swift */ = {isa = PBXFileReference; lastKnownFileType = sourcecode.swift; path = Colors.swift; sourceTree = "<group>"; };
		0DE4F1E226B7F3E2007053DB /* Fonts.swift */ = {isa = PBXFileReference; lastKnownFileType = sourcecode.swift; path = Fonts.swift; sourceTree = "<group>"; };
		0DE4F1E426B7F43E007053DB /* AppStyle.swift */ = {isa = PBXFileReference; lastKnownFileType = sourcecode.swift; path = AppStyle.swift; sourceTree = "<group>"; };
		0DE4F1E926B7FBAA007053DB /* TableViewHeader.swift */ = {isa = PBXFileReference; lastKnownFileType = sourcecode.swift; path = TableViewHeader.swift; sourceTree = "<group>"; };
		0DFA24DA26A6E6770014CD6E /* Constants.swift */ = {isa = PBXFileReference; lastKnownFileType = sourcecode.swift; path = Constants.swift; sourceTree = "<group>"; };
		0DFA24DC26A6E69F0014CD6E /* APIRouter.swift */ = {isa = PBXFileReference; lastKnownFileType = sourcecode.swift; path = APIRouter.swift; sourceTree = "<group>"; };
		59CFA31D914711661177F13E /* Pods-ARA-CoreML.release.xcconfig */ = {isa = PBXFileReference; includeInIndex = 1; lastKnownFileType = text.xcconfig; name = "Pods-ARA-CoreML.release.xcconfig"; path = "Target Support Files/Pods-ARA-CoreML/Pods-ARA-CoreML.release.xcconfig"; sourceTree = "<group>"; };
		5B5F16DCF5ACE4A2BB15E825 /* Pods-ALTOAI-Detect.release.xcconfig */ = {isa = PBXFileReference; includeInIndex = 1; lastKnownFileType = text.xcconfig; name = "Pods-ALTOAI-Detect.release.xcconfig"; path = "Target Support Files/Pods-ALTOAI-Detect/Pods-ALTOAI-Detect.release.xcconfig"; sourceTree = "<group>"; };
		7165750EEFD0D4FBC986A65C /* Pods_ALTOAI_Detect.framework */ = {isa = PBXFileReference; explicitFileType = wrapper.framework; includeInIndex = 0; path = Pods_ALTOAI_Detect.framework; sourceTree = BUILT_PRODUCTS_DIR; };
		89BBF9B5268E9AE300FA46B6 /* ALTOAI-Detect.app */ = {isa = PBXFileReference; explicitFileType = wrapper.application; includeInIndex = 0; path = "ALTOAI-Detect.app"; sourceTree = BUILT_PRODUCTS_DIR; };
		89BBF9BC268E9AE400FA46B6 /* Assets.xcassets */ = {isa = PBXFileReference; lastKnownFileType = folder.assetcatalog; path = Assets.xcassets; sourceTree = "<group>"; };
		89BBF9BF268E9AE400FA46B6 /* Preview Assets.xcassets */ = {isa = PBXFileReference; lastKnownFileType = folder.assetcatalog; path = "Preview Assets.xcassets"; sourceTree = "<group>"; };
		89BBF9C1268E9AE400FA46B6 /* Info.plist */ = {isa = PBXFileReference; lastKnownFileType = text.plist.xml; path = Info.plist; sourceTree = "<group>"; };
		89BBF9C8268E9B6100FA46B6 /* UIImage+CVPixelBuffer.swift */ = {isa = PBXFileReference; fileEncoding = 4; lastKnownFileType = sourcecode.swift; path = "UIImage+CVPixelBuffer.swift"; sourceTree = "<group>"; };
		89BBF9C9268E9B6100FA46B6 /* AppDelegate.swift */ = {isa = PBXFileReference; fileEncoding = 4; lastKnownFileType = sourcecode.swift; path = AppDelegate.swift; sourceTree = "<group>"; };
		89BBF9CA268E9B6100FA46B6 /* BoundingBox.swift */ = {isa = PBXFileReference; fileEncoding = 4; lastKnownFileType = sourcecode.swift; path = BoundingBox.swift; sourceTree = "<group>"; };
		89BBF9CC268E9B6100FA46B6 /* YOLO.swift */ = {isa = PBXFileReference; fileEncoding = 4; lastKnownFileType = sourcecode.swift; path = YOLO.swift; sourceTree = "<group>"; };
		89BBF9CD268E9B6100FA46B6 /* CVPixelBuffer+Helpers.swift */ = {isa = PBXFileReference; fileEncoding = 4; lastKnownFileType = sourcecode.swift; path = "CVPixelBuffer+Helpers.swift"; sourceTree = "<group>"; };
		89BBF9CE268E9B6100FA46B6 /* Helpers.swift */ = {isa = PBXFileReference; fileEncoding = 4; lastKnownFileType = sourcecode.swift; path = Helpers.swift; sourceTree = "<group>"; };
		89BBF9CF268E9B6100FA46B6 /* VideoCapture.swift */ = {isa = PBXFileReference; fileEncoding = 4; lastKnownFileType = sourcecode.swift; path = VideoCapture.swift; sourceTree = "<group>"; };
		89BBF9D0268E9B6100FA46B6 /* CameraVC.swift */ = {isa = PBXFileReference; fileEncoding = 4; lastKnownFileType = sourcecode.swift; path = CameraVC.swift; sourceTree = "<group>"; };
		89BBF9EB268E9F6200FA46B6 /* Main.storyboard */ = {isa = PBXFileReference; fileEncoding = 4; lastKnownFileType = file.storyboard; path = Main.storyboard; sourceTree = "<group>"; };
		A1FDA08CC1F06B0AEBBE7A77 /* Pods-ARA-CoreML.debug.xcconfig */ = {isa = PBXFileReference; includeInIndex = 1; lastKnownFileType = text.xcconfig; name = "Pods-ARA-CoreML.debug.xcconfig"; path = "Target Support Files/Pods-ARA-CoreML/Pods-ARA-CoreML.debug.xcconfig"; sourceTree = "<group>"; };
		EC7E0648285F42489D4A9B2B /* Pods-ALTOAI-Detect.debug.xcconfig */ = {isa = PBXFileReference; includeInIndex = 1; lastKnownFileType = text.xcconfig; name = "Pods-ALTOAI-Detect.debug.xcconfig"; path = "Target Support Files/Pods-ALTOAI-Detect/Pods-ALTOAI-Detect.debug.xcconfig"; sourceTree = "<group>"; };
/* End PBXFileReference section */

/* Begin PBXFrameworksBuildPhase section */
		89BBF9B2268E9AE300FA46B6 /* Frameworks */ = {
			isa = PBXFrameworksBuildPhase;
			buildActionMask = 2147483647;
			files = (
				1007AEDB05DE2E0D1B2679CC /* Pods_ALTOAI_Detect.framework in Frameworks */,
			);
			runOnlyForDeploymentPostprocessing = 0;
		};
/* End PBXFrameworksBuildPhase section */

/* Begin PBXGroup section */
		036E875ECFCBCCD2582E6176 /* Frameworks */ = {
			isa = PBXGroup;
			children = (
				7165750EEFD0D4FBC986A65C /* Pods_ALTOAI_Detect.framework */,
			);
			name = Frameworks;
			sourceTree = "<group>";
		};
		0D51402726A5960D00CEE1DD /* Helpers */ = {
			isa = PBXGroup;
			children = (
				89BBF9CE268E9B6100FA46B6 /* Helpers.swift */,
				89BBF9CD268E9B6100FA46B6 /* CVPixelBuffer+Helpers.swift */,
				89BBF9C8268E9B6100FA46B6 /* UIImage+CVPixelBuffer.swift */,
				0DE4F1D926B2F565007053DB /* ModelOperationsHelper.swift */,
			);
			path = Helpers;
			sourceTree = "<group>";
		};
		0D51402A26A59A6E00CEE1DD /* Resources */ = {
			isa = PBXGroup;
			children = (
				0D51402826A5995200CEE1DD /* Launch Screen.storyboard */,
				89BBF9BC268E9AE400FA46B6 /* Assets.xcassets */,
			);
			path = Resources;
			sourceTree = "<group>";
		};
		0D51402B26A5A84300CEE1DD /* ViewControllers */ = {
			isa = PBXGroup;
			children = (
				0DE4F1DB26B4311E007053DB /* MainTabBarVC */,
				0D51402D26A5A87300CEE1DD /* LoginVC */,
				0DB4AA9526B1B88B001F5CD3 /* ProjectsVC */,
				0DB4AAA326B29B6C001F5CD3 /* ScenesVC */,
				0DB4AAB126B2BF1B001F5CD3 /* ExperimentsVC */,
				0DB4AAC326B2C791001F5CD3 /* ExperimentRunVC */,
				0D51403026A5D20000CEE1DD /* LocalModelsVC */,
				0D51402C26A5A85D00CEE1DD /* CameraVC */,
			);
			path = ViewControllers;
			sourceTree = "<group>";
		};
		0D51402C26A5A85D00CEE1DD /* CameraVC */ = {
			isa = PBXGroup;
			children = (
				89BBF9D0268E9B6100FA46B6 /* CameraVC.swift */,
				89BBF9CA268E9B6100FA46B6 /* BoundingBox.swift */,
				89BBF9CF268E9B6100FA46B6 /* VideoCapture.swift */,
			);
			path = CameraVC;
			sourceTree = "<group>";
		};
		0D51402D26A5A87300CEE1DD /* LoginVC */ = {
			isa = PBXGroup;
			children = (
				0D51402E26A5A88600CEE1DD /* LoginVC.swift */,
			);
			path = LoginVC;
			sourceTree = "<group>";
		};
		0D51403026A5D20000CEE1DD /* LocalModelsVC */ = {
			isa = PBXGroup;
			children = (
				0D51403126A5D23000CEE1DD /* LocalModelsVC.swift */,
				0D7ECD2926BC2EF3004D40DD /* LocalModelTableViewCell.swift */,
				0D7ECD2B26BC2FE2004D40DD /* ViewModel */,
			);
			path = LocalModelsVC;
			sourceTree = "<group>";
		};
		0D51403326A6DC5C00CEE1DD /* UIHelpers */ = {
			isa = PBXGroup;
			children = (
				0DE4F1E026B7F3C9007053DB /* Colors.swift */,
				0DE4F1E226B7F3E2007053DB /* Fonts.swift */,
				0DE4F1E426B7F43E007053DB /* AppStyle.swift */,
				0D7ECD2726BC2045004D40DD /* ActivityIndicatorOverlay.swift */,
				0DE4F1DE26B7F0D3007053DB /* UITableView+Empty.swift */,
				0DE4F1E926B7FBAA007053DB /* TableViewHeader.swift */,
				0DE25C3E26BD2666001B1620 /* AltoActivityIndicatorView.swift */,
			);
			path = UIHelpers;
			sourceTree = "<group>";
		};
		0D51403426A6E4BC00CEE1DD /* Services */ = {
			isa = PBXGroup;
			children = (
				0D51403526A6E4C400CEE1DD /* Network */,
			);
			path = Services;
			sourceTree = "<group>";
		};
		0D51403526A6E4C400CEE1DD /* Network */ = {
			isa = PBXGroup;
			children = (
				0D51403626A6E51500CEE1DD /* APIConfiguration.swift */,
				0DFA24DA26A6E6770014CD6E /* Constants.swift */,
				0DFA24DC26A6E69F0014CD6E /* APIRouter.swift */,
				0DB4AA8B26B07252001F5CD3 /* APIManager.swift */,
				0DB4AA8F26B07472001F5CD3 /* NetworkRequestInterceptor.swift */,
				0DB4AA9F26B1EFA5001F5CD3 /* NetworkLogger.swift */,
				0DB4AA8D26B072C5001F5CD3 /* KeyChainManager.swift */,
				0DB4AA9126B074E4001F5CD3 /* CustomError.swift */,
			);
			path = Network;
			sourceTree = "<group>";
		};
		0D682044269DE32700945767 /* MLModels */ = {
			isa = PBXGroup;
			children = (
				89BBF9CC268E9B6100FA46B6 /* YOLO.swift */,
				0D712D8C269F8E490031D2E3 /* yolo_model.swift */,
			);
			path = MLModels;
			sourceTree = "<group>";
		};
		0D7ECD2B26BC2FE2004D40DD /* ViewModel */ = {
			isa = PBXGroup;
			children = (
				0D7ECD2C26BC2FF8004D40DD /* LocalViewModel.swift */,
			);
			path = ViewModel;
			sourceTree = "<group>";
		};
		0DB4AA9326B0752F001F5CD3 /* Supporting Files */ = {
			isa = PBXGroup;
			children = (
				89BBF9C9268E9B6100FA46B6 /* AppDelegate.swift */,
				89BBF9EB268E9F6200FA46B6 /* Main.storyboard */,
				89BBF9C1268E9AE400FA46B6 /* Info.plist */,
				0D51402A26A59A6E00CEE1DD /* Resources */,
			);
			path = "Supporting Files";
			sourceTree = "<group>";
		};
		0DB4AA9526B1B88B001F5CD3 /* ProjectsVC */ = {
			isa = PBXGroup;
			children = (
				0DB4AA9626B1B8AC001F5CD3 /* ProjectsVC.swift */,
				0DB4AAAE26B2BA8B001F5CD3 /* ViewModel */,
			);
			path = ProjectsVC;
			sourceTree = "<group>";
		};
		0DB4AA9826B1BC22001F5CD3 /* Model */ = {
			isa = PBXGroup;
			children = (
				0DB4AAA126B20331001F5CD3 /* AccessToken.swift */,
				0DB4AA9926B1BC37001F5CD3 /* Project.swift */,
				0DB4AAA626B29CB4001F5CD3 /* Scene.swift */,
				0DB4AAB726B2C0E0001F5CD3 /* Experiment.swift */,
				0DB4AABF26B2C63C001F5CD3 /* ExperimentRun.swift */,
			);
			path = Model;
			sourceTree = "<group>";
		};
		0DB4AAA326B29B6C001F5CD3 /* ScenesVC */ = {
			isa = PBXGroup;
			children = (
				0DB4AAA426B29B87001F5CD3 /* ScenesVC.swift */,
				0DB4AAAA26B29DA3001F5CD3 /* ViewModel */,
			);
			path = ScenesVC;
			sourceTree = "<group>";
		};
		0DB4AAAA26B29DA3001F5CD3 /* ViewModel */ = {
			isa = PBXGroup;
			children = (
				0DB4AAA826B29D8F001F5CD3 /* ScenesViewModel.swift */,
			);
			path = ViewModel;
			sourceTree = "<group>";
		};
		0DB4AAAE26B2BA8B001F5CD3 /* ViewModel */ = {
			isa = PBXGroup;
			children = (
				0DB4AAAF26B2BAA6001F5CD3 /* ProjectsViewModel.swift */,
			);
			path = ViewModel;
			sourceTree = "<group>";
		};
		0DB4AAB126B2BF1B001F5CD3 /* ExperimentsVC */ = {
			isa = PBXGroup;
			children = (
				0DB4AAB226B2BF77001F5CD3 /* ExperimentsVC.swift */,
				0DB4AAB426B2BF7C001F5CD3 /* ViewModel */,
			);
			path = ExperimentsVC;
			sourceTree = "<group>";
		};
		0DB4AAB426B2BF7C001F5CD3 /* ViewModel */ = {
			isa = PBXGroup;
			children = (
				0DB4AAB526B2BF9B001F5CD3 /* ExperimentsViewModel.swift */,
			);
			path = ViewModel;
			sourceTree = "<group>";
		};
		0DB4AAC326B2C791001F5CD3 /* ExperimentRunVC */ = {
			isa = PBXGroup;
			children = (
				0DB4AAC526B2C7B6001F5CD3 /* ExperimentRunVC.swift */,
				0D7ECD2526BC1A46004D40DD /* ExperimentRunTableViewCell.swift */,
				0DB4AAC426B2C7A0001F5CD3 /* ViewModel */,
			);
			path = ExperimentRunVC;
			sourceTree = "<group>";
		};
		0DB4AAC426B2C7A0001F5CD3 /* ViewModel */ = {
			isa = PBXGroup;
			children = (
				0DB4AAC726B2C7EB001F5CD3 /* ExperimentRunViewModel.swift */,
			);
			path = ViewModel;
			sourceTree = "<group>";
		};
		0DE4F1DB26B4311E007053DB /* MainTabBarVC */ = {
			isa = PBXGroup;
			children = (
				0DE4F1DC26B43146007053DB /* MainTabBarVC.swift */,
			);
			path = MainTabBarVC;
			sourceTree = "<group>";
		};
		89BBF9AC268E9AE300FA46B6 = {
			isa = PBXGroup;
			children = (
				89BBF9B7268E9AE300FA46B6 /* ALTOAI-Detect */,
				89BBF9B6268E9AE300FA46B6 /* Products */,
				F09D368C9E90F2B6756BD634 /* Pods */,
				036E875ECFCBCCD2582E6176 /* Frameworks */,
			);
			sourceTree = "<group>";
		};
		89BBF9B6268E9AE300FA46B6 /* Products */ = {
			isa = PBXGroup;
			children = (
				89BBF9B5268E9AE300FA46B6 /* ALTOAI-Detect.app */,
			);
			name = Products;
			sourceTree = "<group>";
		};
		89BBF9B7268E9AE300FA46B6 /* ALTOAI-Detect */ = {
			isa = PBXGroup;
			children = (
				0DB4AA9326B0752F001F5CD3 /* Supporting Files */,
				0D51403426A6E4BC00CEE1DD /* Services */,
				0D51402B26A5A84300CEE1DD /* ViewControllers */,
				0DB4AA9826B1BC22001F5CD3 /* Model */,
				0D51403326A6DC5C00CEE1DD /* UIHelpers */,
				0D51402726A5960D00CEE1DD /* Helpers */,
				0D682044269DE32700945767 /* MLModels */,
				89BBF9BE268E9AE400FA46B6 /* Preview Content */,
			);
			path = "ALTOAI-Detect";
			sourceTree = "<group>";
		};
		89BBF9BE268E9AE400FA46B6 /* Preview Content */ = {
			isa = PBXGroup;
			children = (
				89BBF9BF268E9AE400FA46B6 /* Preview Assets.xcassets */,
			);
			path = "Preview Content";
			sourceTree = "<group>";
		};
		F09D368C9E90F2B6756BD634 /* Pods */ = {
			isa = PBXGroup;
			children = (
				A1FDA08CC1F06B0AEBBE7A77 /* Pods-ARA-CoreML.debug.xcconfig */,
				59CFA31D914711661177F13E /* Pods-ARA-CoreML.release.xcconfig */,
				EC7E0648285F42489D4A9B2B /* Pods-ALTOAI-Detect.debug.xcconfig */,
				5B5F16DCF5ACE4A2BB15E825 /* Pods-ALTOAI-Detect.release.xcconfig */,
			);
			path = Pods;
			sourceTree = "<group>";
		};
/* End PBXGroup section */

/* Begin PBXNativeTarget section */
		89BBF9B4268E9AE300FA46B6 /* ALTOAI-Detect */ = {
			isa = PBXNativeTarget;
			buildConfigurationList = 89BBF9C4268E9AE400FA46B6 /* Build configuration list for PBXNativeTarget "ALTOAI-Detect" */;
			buildPhases = (
				944F403711F2A438671BDD4D /* [CP] Check Pods Manifest.lock */,
				89BBF9B1268E9AE300FA46B6 /* Sources */,
				89BBF9B2268E9AE300FA46B6 /* Frameworks */,
				89BBF9B3268E9AE300FA46B6 /* Resources */,
				201A0E099274EC91D21575EF /* [CP] Embed Pods Frameworks */,
			);
			buildRules = (
			);
			dependencies = (
			);
			name = "ALTOAI-Detect";
			productName = "ARA-CoreML";
			productReference = 89BBF9B5268E9AE300FA46B6 /* ALTOAI-Detect.app */;
			productType = "com.apple.product-type.application";
		};
/* End PBXNativeTarget section */

/* Begin PBXProject section */
		89BBF9AD268E9AE300FA46B6 /* Project object */ = {
			isa = PBXProject;
			attributes = {
				LastSwiftUpdateCheck = 1240;
				LastUpgradeCheck = 1240;
				TargetAttributes = {
					89BBF9B4268E9AE300FA46B6 = {
						CreatedOnToolsVersion = 12.4;
						LastSwiftMigration = 1250;
					};
				};
			};
			buildConfigurationList = 89BBF9B0268E9AE300FA46B6 /* Build configuration list for PBXProject "ALTOAI-Detect" */;
			compatibilityVersion = "Xcode 9.3";
			developmentRegion = en;
			hasScannedForEncodings = 0;
			knownRegions = (
				en,
				Base,
			);
			mainGroup = 89BBF9AC268E9AE300FA46B6;
			productRefGroup = 89BBF9B6268E9AE300FA46B6 /* Products */;
			projectDirPath = "";
			projectRoot = "";
			targets = (
				89BBF9B4268E9AE300FA46B6 /* ALTOAI-Detect */,
			);
		};
/* End PBXProject section */

/* Begin PBXResourcesBuildPhase section */
		89BBF9B3268E9AE300FA46B6 /* Resources */ = {
			isa = PBXResourcesBuildPhase;
			buildActionMask = 2147483647;
			files = (
				89BBF9BD268E9AE400FA46B6 /* Assets.xcassets in Resources */,
				0D51402926A5995200CEE1DD /* Launch Screen.storyboard in Resources */,
				89BBF9EC268E9F6200FA46B6 /* Main.storyboard in Resources */,
			);
			runOnlyForDeploymentPostprocessing = 0;
		};
/* End PBXResourcesBuildPhase section */

/* Begin PBXShellScriptBuildPhase section */
		201A0E099274EC91D21575EF /* [CP] Embed Pods Frameworks */ = {
			isa = PBXShellScriptBuildPhase;
			buildActionMask = 2147483647;
			files = (
			);
			inputFileListPaths = (
				"${PODS_ROOT}/Target Support Files/Pods-ALTOAI-Detect/Pods-ALTOAI-Detect-frameworks-${CONFIGURATION}-input-files.xcfilelist",
			);
			name = "[CP] Embed Pods Frameworks";
			outputFileListPaths = (
				"${PODS_ROOT}/Target Support Files/Pods-ALTOAI-Detect/Pods-ALTOAI-Detect-frameworks-${CONFIGURATION}-output-files.xcfilelist",
			);
			runOnlyForDeploymentPostprocessing = 0;
			shellPath = /bin/sh;
			shellScript = "\"${PODS_ROOT}/Target Support Files/Pods-ALTOAI-Detect/Pods-ALTOAI-Detect-frameworks.sh\"\n";
			showEnvVarsInLog = 0;
		};
		944F403711F2A438671BDD4D /* [CP] Check Pods Manifest.lock */ = {
			isa = PBXShellScriptBuildPhase;
			buildActionMask = 2147483647;
			files = (
			);
			inputFileListPaths = (
			);
			inputPaths = (
				"${PODS_PODFILE_DIR_PATH}/Podfile.lock",
				"${PODS_ROOT}/Manifest.lock",
			);
			name = "[CP] Check Pods Manifest.lock";
			outputFileListPaths = (
			);
			outputPaths = (
				"$(DERIVED_FILE_DIR)/Pods-ALTOAI-Detect-checkManifestLockResult.txt",
			);
			runOnlyForDeploymentPostprocessing = 0;
			shellPath = /bin/sh;
			shellScript = "diff \"${PODS_PODFILE_DIR_PATH}/Podfile.lock\" \"${PODS_ROOT}/Manifest.lock\" > /dev/null\nif [ $? != 0 ] ; then\n    # print error to STDERR\n    echo \"error: The sandbox is not in sync with the Podfile.lock. Run 'pod install' or update your CocoaPods installation.\" >&2\n    exit 1\nfi\n# This output is used by Xcode 'outputs' to avoid re-running this script phase.\necho \"SUCCESS\" > \"${SCRIPT_OUTPUT_FILE_0}\"\n";
			showEnvVarsInLog = 0;
		};
/* End PBXShellScriptBuildPhase section */

/* Begin PBXSourcesBuildPhase section */
		89BBF9B1268E9AE300FA46B6 /* Sources */ = {
			isa = PBXSourcesBuildPhase;
			buildActionMask = 2147483647;
			files = (
				0DB4AAA026B1EFA5001F5CD3 /* NetworkLogger.swift in Sources */,
				0DB4AA8C26B07252001F5CD3 /* APIManager.swift in Sources */,
				0D51402F26A5A88600CEE1DD /* LoginVC.swift in Sources */,
				89BBF9D5268E9B6100FA46B6 /* BoundingBox.swift in Sources */,
				0DB4AAA726B29CB4001F5CD3 /* Scene.swift in Sources */,
				89BBF9D8268E9B6100FA46B6 /* CVPixelBuffer+Helpers.swift in Sources */,
				0DB4AAB626B2BF9B001F5CD3 /* ExperimentsViewModel.swift in Sources */,
				0D712D8D269F8E490031D2E3 /* yolo_model.swift in Sources */,
				0DFA24DD26A6E69F0014CD6E /* APIRouter.swift in Sources */,
				0DB4AA9226B074E4001F5CD3 /* CustomError.swift in Sources */,
				0DE4F1E526B7F43E007053DB /* AppStyle.swift in Sources */,
				0DFA24DB26A6E6770014CD6E /* Constants.swift in Sources */,
				0DB4AAA526B29B87001F5CD3 /* ScenesVC.swift in Sources */,
				0DB4AA9026B07472001F5CD3 /* NetworkRequestInterceptor.swift in Sources */,
				0DB4AAC826B2C7EB001F5CD3 /* ExperimentRunViewModel.swift in Sources */,
				0DB4AAB326B2BF77001F5CD3 /* ExperimentsVC.swift in Sources */,
				0DB4AA9726B1B8AC001F5CD3 /* ProjectsVC.swift in Sources */,
				0D51403726A6E51500CEE1DD /* APIConfiguration.swift in Sources */,
				89BBF9D4268E9B6100FA46B6 /* AppDelegate.swift in Sources */,
				0DB4AAB026B2BAA6001F5CD3 /* ProjectsViewModel.swift in Sources */,
				0DE4F1DA26B2F565007053DB /* ModelOperationsHelper.swift in Sources */,
				0DB4AAB826B2C0E0001F5CD3 /* Experiment.swift in Sources */,
				0DB4AAC026B2C63C001F5CD3 /* ExperimentRun.swift in Sources */,
				0D7ECD2826BC2045004D40DD /* ActivityIndicatorOverlay.swift in Sources */,
				0DB4AA9A26B1BC37001F5CD3 /* Project.swift in Sources */,
				89BBF9DB268E9B6100FA46B6 /* CameraVC.swift in Sources */,
				0D51403226A5D23000CEE1DD /* LocalModelsVC.swift in Sources */,
				89BBF9D9268E9B6100FA46B6 /* Helpers.swift in Sources */,
				0DE25C3F26BD2666001B1620 /* AltoActivityIndicatorView.swift in Sources */,
				0DE4F1E326B7F3E2007053DB /* Fonts.swift in Sources */,
				89BBF9D3268E9B6100FA46B6 /* UIImage+CVPixelBuffer.swift in Sources */,
				0DE4F1EA26B7FBAA007053DB /* TableViewHeader.swift in Sources */,
				89BBF9DA268E9B6100FA46B6 /* VideoCapture.swift in Sources */,
				89BBF9D7268E9B6100FA46B6 /* YOLO.swift in Sources */,
				0DE4F1E126B7F3C9007053DB /* Colors.swift in Sources */,
				0D7ECD2626BC1A46004D40DD /* ExperimentRunTableViewCell.swift in Sources */,
				0DE4F1DD26B43146007053DB /* MainTabBarVC.swift in Sources */,
				0D7ECD2A26BC2EF3004D40DD /* LocalModelTableViewCell.swift in Sources */,
				0DB4AAA926B29D8F001F5CD3 /* ScenesViewModel.swift in Sources */,
				0DB4AA8E26B072C5001F5CD3 /* KeyChainManager.swift in Sources */,
				0DE4F1DF26B7F0D3007053DB /* UITableView+Empty.swift in Sources */,
				0DB4AAA226B20331001F5CD3 /* AccessToken.swift in Sources */,
				0D7ECD2D26BC2FF8004D40DD /* LocalViewModel.swift in Sources */,
				0DB4AAC626B2C7B6001F5CD3 /* ExperimentRunVC.swift in Sources */,
			);
			runOnlyForDeploymentPostprocessing = 0;
		};
/* End PBXSourcesBuildPhase section */

/* Begin XCBuildConfiguration section */
		89BBF9C2268E9AE400FA46B6 /* Debug */ = {
			isa = XCBuildConfiguration;
			buildSettings = {
				ALWAYS_SEARCH_USER_PATHS = NO;
				CLANG_ANALYZER_NONNULL = YES;
				CLANG_ANALYZER_NUMBER_OBJECT_CONVERSION = YES_AGGRESSIVE;
				CLANG_CXX_LANGUAGE_STANDARD = "gnu++14";
				CLANG_CXX_LIBRARY = "libc++";
				CLANG_ENABLE_MODULES = YES;
				CLANG_ENABLE_OBJC_ARC = YES;
				CLANG_ENABLE_OBJC_WEAK = YES;
				CLANG_WARN_BLOCK_CAPTURE_AUTORELEASING = YES;
				CLANG_WARN_BOOL_CONVERSION = YES;
				CLANG_WARN_COMMA = YES;
				CLANG_WARN_CONSTANT_CONVERSION = YES;
				CLANG_WARN_DEPRECATED_OBJC_IMPLEMENTATIONS = YES;
				CLANG_WARN_DIRECT_OBJC_ISA_USAGE = YES_ERROR;
				CLANG_WARN_DOCUMENTATION_COMMENTS = YES;
				CLANG_WARN_EMPTY_BODY = YES;
				CLANG_WARN_ENUM_CONVERSION = YES;
				CLANG_WARN_INFINITE_RECURSION = YES;
				CLANG_WARN_INT_CONVERSION = YES;
				CLANG_WARN_NON_LITERAL_NULL_CONVERSION = YES;
				CLANG_WARN_OBJC_IMPLICIT_RETAIN_SELF = YES;
				CLANG_WARN_OBJC_LITERAL_CONVERSION = YES;
				CLANG_WARN_OBJC_ROOT_CLASS = YES_ERROR;
				CLANG_WARN_QUOTED_INCLUDE_IN_FRAMEWORK_HEADER = YES;
				CLANG_WARN_RANGE_LOOP_ANALYSIS = YES;
				CLANG_WARN_STRICT_PROTOTYPES = YES;
				CLANG_WARN_SUSPICIOUS_MOVE = YES;
				CLANG_WARN_UNGUARDED_AVAILABILITY = YES_AGGRESSIVE;
				CLANG_WARN_UNREACHABLE_CODE = YES;
				CLANG_WARN__DUPLICATE_METHOD_MATCH = YES;
				COPY_PHASE_STRIP = NO;
				DEBUG_INFORMATION_FORMAT = dwarf;
				ENABLE_STRICT_OBJC_MSGSEND = YES;
				ENABLE_TESTABILITY = YES;
				GCC_C_LANGUAGE_STANDARD = gnu11;
				GCC_DYNAMIC_NO_PIC = NO;
				GCC_NO_COMMON_BLOCKS = YES;
				GCC_OPTIMIZATION_LEVEL = 0;
				GCC_PREPROCESSOR_DEFINITIONS = (
					"DEBUG=1",
					"$(inherited)",
				);
				GCC_WARN_64_TO_32_BIT_CONVERSION = YES;
				GCC_WARN_ABOUT_RETURN_TYPE = YES_ERROR;
				GCC_WARN_UNDECLARED_SELECTOR = YES;
				GCC_WARN_UNINITIALIZED_AUTOS = YES_AGGRESSIVE;
				GCC_WARN_UNUSED_FUNCTION = YES;
				GCC_WARN_UNUSED_VARIABLE = YES;
				IPHONEOS_DEPLOYMENT_TARGET = 14.4;
				MTL_ENABLE_DEBUG_INFO = INCLUDE_SOURCE;
				MTL_FAST_MATH = YES;
				ONLY_ACTIVE_ARCH = YES;
				SDKROOT = iphoneos;
				SWIFT_ACTIVE_COMPILATION_CONDITIONS = DEBUG;
				SWIFT_OPTIMIZATION_LEVEL = "-Onone";
			};
			name = Debug;
		};
		89BBF9C3268E9AE400FA46B6 /* Release */ = {
			isa = XCBuildConfiguration;
			buildSettings = {
				ALWAYS_SEARCH_USER_PATHS = NO;
				CLANG_ANALYZER_NONNULL = YES;
				CLANG_ANALYZER_NUMBER_OBJECT_CONVERSION = YES_AGGRESSIVE;
				CLANG_CXX_LANGUAGE_STANDARD = "gnu++14";
				CLANG_CXX_LIBRARY = "libc++";
				CLANG_ENABLE_MODULES = YES;
				CLANG_ENABLE_OBJC_ARC = YES;
				CLANG_ENABLE_OBJC_WEAK = YES;
				CLANG_WARN_BLOCK_CAPTURE_AUTORELEASING = YES;
				CLANG_WARN_BOOL_CONVERSION = YES;
				CLANG_WARN_COMMA = YES;
				CLANG_WARN_CONSTANT_CONVERSION = YES;
				CLANG_WARN_DEPRECATED_OBJC_IMPLEMENTATIONS = YES;
				CLANG_WARN_DIRECT_OBJC_ISA_USAGE = YES_ERROR;
				CLANG_WARN_DOCUMENTATION_COMMENTS = YES;
				CLANG_WARN_EMPTY_BODY = YES;
				CLANG_WARN_ENUM_CONVERSION = YES;
				CLANG_WARN_INFINITE_RECURSION = YES;
				CLANG_WARN_INT_CONVERSION = YES;
				CLANG_WARN_NON_LITERAL_NULL_CONVERSION = YES;
				CLANG_WARN_OBJC_IMPLICIT_RETAIN_SELF = YES;
				CLANG_WARN_OBJC_LITERAL_CONVERSION = YES;
				CLANG_WARN_OBJC_ROOT_CLASS = YES_ERROR;
				CLANG_WARN_QUOTED_INCLUDE_IN_FRAMEWORK_HEADER = YES;
				CLANG_WARN_RANGE_LOOP_ANALYSIS = YES;
				CLANG_WARN_STRICT_PROTOTYPES = YES;
				CLANG_WARN_SUSPICIOUS_MOVE = YES;
				CLANG_WARN_UNGUARDED_AVAILABILITY = YES_AGGRESSIVE;
				CLANG_WARN_UNREACHABLE_CODE = YES;
				CLANG_WARN__DUPLICATE_METHOD_MATCH = YES;
				COPY_PHASE_STRIP = NO;
				DEBUG_INFORMATION_FORMAT = "dwarf-with-dsym";
				ENABLE_NS_ASSERTIONS = NO;
				ENABLE_STRICT_OBJC_MSGSEND = YES;
				GCC_C_LANGUAGE_STANDARD = gnu11;
				GCC_NO_COMMON_BLOCKS = YES;
				GCC_WARN_64_TO_32_BIT_CONVERSION = YES;
				GCC_WARN_ABOUT_RETURN_TYPE = YES_ERROR;
				GCC_WARN_UNDECLARED_SELECTOR = YES;
				GCC_WARN_UNINITIALIZED_AUTOS = YES_AGGRESSIVE;
				GCC_WARN_UNUSED_FUNCTION = YES;
				GCC_WARN_UNUSED_VARIABLE = YES;
				IPHONEOS_DEPLOYMENT_TARGET = 14.4;
				MTL_ENABLE_DEBUG_INFO = NO;
				MTL_FAST_MATH = YES;
				SDKROOT = iphoneos;
				SWIFT_COMPILATION_MODE = wholemodule;
				SWIFT_OPTIMIZATION_LEVEL = "-O";
				VALIDATE_PRODUCT = YES;
			};
			name = Release;
		};
		89BBF9C5268E9AE400FA46B6 /* Debug */ = {
			isa = XCBuildConfiguration;
			baseConfigurationReference = EC7E0648285F42489D4A9B2B /* Pods-ALTOAI-Detect.debug.xcconfig */;
			buildSettings = {
				ASSETCATALOG_COMPILER_APPICON_NAME = AppIcon;
				ASSETCATALOG_COMPILER_GLOBAL_ACCENT_COLOR_NAME = AccentColor;
				CODE_SIGN_STYLE = Automatic;
				CURRENT_PROJECT_VERSION = 1;
				DEVELOPMENT_ASSET_PATHS = "\"ALTOAI-Detect/Preview Content\"";
				DEVELOPMENT_TEAM = 2W55W867ST;
				ENABLE_PREVIEWS = YES;
				INFOPLIST_FILE = "ALTOAI-Detect/Supporting Files/Info.plist";
				IPHONEOS_DEPLOYMENT_TARGET = 14.1;
				LD_RUNPATH_SEARCH_PATHS = (
					"$(inherited)",
					"@executable_path/Frameworks",
				);
				MARKETING_VERSION = 1.0.1;
				PRODUCT_BUNDLE_IDENTIFIER = com.star.carear.altoaidetect;
				PRODUCT_NAME = "$(TARGET_NAME)";
				SWIFT_VERSION = 5.0;
				TARGETED_DEVICE_FAMILY = "1,2";
			};
			name = Debug;
		};
		89BBF9C6268E9AE400FA46B6 /* Release */ = {
			isa = XCBuildConfiguration;
			baseConfigurationReference = 5B5F16DCF5ACE4A2BB15E825 /* Pods-ALTOAI-Detect.release.xcconfig */;
			buildSettings = {
				ASSETCATALOG_COMPILER_APPICON_NAME = AppIcon;
				ASSETCATALOG_COMPILER_GLOBAL_ACCENT_COLOR_NAME = AccentColor;
				CODE_SIGN_STYLE = Automatic;
				CURRENT_PROJECT_VERSION = 1;
				DEVELOPMENT_ASSET_PATHS = "\"ALTOAI-Detect/Preview Content\"";
				DEVELOPMENT_TEAM = 2W55W867ST;
				ENABLE_PREVIEWS = YES;
				INFOPLIST_FILE = "ALTOAI-Detect/Supporting Files/Info.plist";
				IPHONEOS_DEPLOYMENT_TARGET = 14.1;
				LD_RUNPATH_SEARCH_PATHS = (
					"$(inherited)",
					"@executable_path/Frameworks",
				);
				MARKETING_VERSION = 1.0.1;
				PRODUCT_BUNDLE_IDENTIFIER = com.star.carear.altoaidetect;
				PRODUCT_NAME = "$(TARGET_NAME)";
				SWIFT_VERSION = 5.0;
				TARGETED_DEVICE_FAMILY = "1,2";
			};
			name = Release;
		};
/* End XCBuildConfiguration section */

/* Begin XCConfigurationList section */
		89BBF9B0268E9AE300FA46B6 /* Build configuration list for PBXProject "ALTOAI-Detect" */ = {
			isa = XCConfigurationList;
			buildConfigurations = (
				89BBF9C2268E9AE400FA46B6 /* Debug */,
				89BBF9C3268E9AE400FA46B6 /* Release */,
			);
			defaultConfigurationIsVisible = 0;
			defaultConfigurationName = Release;
		};
		89BBF9C4268E9AE400FA46B6 /* Build configuration list for PBXNativeTarget "ALTOAI-Detect" */ = {
			isa = XCConfigurationList;
			buildConfigurations = (
				89BBF9C5268E9AE400FA46B6 /* Debug */,
				89BBF9C6268E9AE400FA46B6 /* Release */,
			);
			defaultConfigurationIsVisible = 0;
			defaultConfigurationName = Release;
		};
/* End XCConfigurationList section */
	};
	rootObject = 89BBF9AD268E9AE300FA46B6 /* Project object */;
}
